
Microsoft Visual Studio Solution File, Format Version 12.00
# Visual Studio Version 17
VisualStudioVersion = 17.8.34525.116
MinimumVisualStudioVersion = 10.0.40219.1
Project("{FAE04EC0-301F-11D3-BF4B-00C04F79EFBC}") = "MauiApp_Flix", "MauiApp_Flix.csproj", "{69D75318-CD1E-4B2E-92FA-840BBC877FCA}"
EndProject
Global
	GlobalSection(SolutionConfigurationPlatforms) = preSolution
		Debug|Any CPU = Debug|Any CPU
		Release|Any CPU = Release|Any CPU
	EndGlobalSection
	GlobalSection(ProjectConfigurationPlatforms) = postSolution
		{69D75318-CD1E-4B2E-92FA-840BBC877FCA}.Debug|Any CPU.ActiveCfg = Debug|Any CPU
		{69D75318-CD1E-4B2E-92FA-840BBC877FCA}.Debug|Any CPU.Build.0 = Debug|Any CPU
		{69D75318-CD1E-4B2E-92FA-840BBC877FCA}.Debug|Any CPU.Deploy.0 = Debug|Any CPU
		{69D75318-CD1E-4B2E-92FA-840BBC877FCA}.Release|Any CPU.ActiveCfg = Release|Any CPU
		{69D75318-CD1E-4B2E-92FA-840BBC877FCA}.Release|Any CPU.Build.0 = Release|Any CPU
		{69D75318-CD1E-4B2E-92FA-840BBC877FCA}.Release|Any CPU.Deploy.0 = Release|Any CPU
	EndGlobalSection
	GlobalSection(SolutionProperties) = preSolution
		HideSolutionNode = FALSE
	EndGlobalSection
	GlobalSection(ExtensibilityGlobals) = postSolution
		SolutionGuid = {14301F88-E182-497D-A192-8AC390DEE679}
	EndGlobalSection
EndGlobal
